// !$*UTF8*$!
{
	archiveVersion = 1;
	classes = {
	};
	objectVersion = 46;
	objects = {

/* Begin PBXBuildFile section */
		4A6C95861A7DA03700C29A56 /* CoreLocation.framework in Frameworks */ = {isa = PBXBuildFile; fileRef = 4A6C95851A7DA03700C29A56 /* CoreLocation.framework */; };
		4A6C95941A7DB36D00C29A56 /* HACollectionViewLargeLayout.m in Sources */ = {isa = PBXBuildFile; fileRef = 4A6C95881A7DB36D00C29A56 /* HACollectionViewLargeLayout.m */; };
		4A6C95951A7DB36D00C29A56 /* HACollectionViewSmallLayout.m in Sources */ = {isa = PBXBuildFile; fileRef = 4A6C958A1A7DB36D00C29A56 /* HACollectionViewSmallLayout.m */; };
		4A6C95961A7DB36D00C29A56 /* HAPaperCollectionViewController.m in Sources */ = {isa = PBXBuildFile; fileRef = 4A6C958C1A7DB36D00C29A56 /* HAPaperCollectionViewController.m */; };
		4A6C95971A7DB36D00C29A56 /* HASmallCollectionViewController.m in Sources */ = {isa = PBXBuildFile; fileRef = 4A6C958E1A7DB36D00C29A56 /* HASmallCollectionViewController.m */; };
		4A6C95981A7DB36D00C29A56 /* HATransitionController.m in Sources */ = {isa = PBXBuildFile; fileRef = 4A6C95901A7DB36D00C29A56 /* HATransitionController.m */; };
		4A6C95991A7DB36D00C29A56 /* HATransitionLayout.m in Sources */ = {isa = PBXBuildFile; fileRef = 4A6C95921A7DB36D00C29A56 /* HATransitionLayout.m */; };
		5357161D1A7D73F900FF2151 /* STAServices.framework in Frameworks */ = {isa = PBXBuildFile; fileRef = 5357161B1A7D73F900FF2151 /* STAServices.framework */; };
		5357161E1A7D73F900FF2151 /* STAUtil.framework in Frameworks */ = {isa = PBXBuildFile; fileRef = 5357161C1A7D73F900FF2151 /* STAUtil.framework */; };
		535716201A7D74D800FF2151 /* SystemConfiguration.framework in Frameworks */ = {isa = PBXBuildFile; fileRef = 5357161F1A7D74D800FF2151 /* SystemConfiguration.framework */; };
		53A375931A7CD1DE0043B85F /* main.m in Sources */ = {isa = PBXBuildFile; fileRef = 53A375921A7CD1DE0043B85F /* main.m */; };
		53A3759C1A7CD1DE0043B85F /* Main.storyboard in Resources */ = {isa = PBXBuildFile; fileRef = 53A3759A1A7CD1DE0043B85F /* Main.storyboard */; };
		53A3759E1A7CD1DE0043B85F /* Images.xcassets in Resources */ = {isa = PBXBuildFile; fileRef = 53A3759D1A7CD1DE0043B85F /* Images.xcassets */; };
		53A375A11A7CD1DE0043B85F /* LaunchScreen.xib in Resources */ = {isa = PBXBuildFile; fileRef = 53A3759F1A7CD1DE0043B85F /* LaunchScreen.xib */; };
		53A375AD1A7CD1DF0043B85F /* HotelsPro_iOSTests.m in Sources */ = {isa = PBXBuildFile; fileRef = 53A375AC1A7CD1DF0043B85F /* HotelsPro_iOSTests.m */; };
		53A375BD1A7CD4020043B85F /* AppDelegate.m in Sources */ = {isa = PBXBuildFile; fileRef = 53A375B91A7CD4020043B85F /* AppDelegate.m */; };
		53A375C51A7CD61A0043B85F /* SHPBaseViewController.m in Sources */ = {isa = PBXBuildFile; fileRef = 53A375C31A7CD61A0043B85F /* SHPBaseViewController.m */; };
		53A376081A7CD73F0043B85F /* STAHomeViewController.m in Sources */ = {isa = PBXBuildFile; fileRef = 53A376071A7CD73F0043B85F /* STAHomeViewController.m */; };
		53A376171A7CD8E40043B85F /* DLStarRatingControl.m in Sources */ = {isa = PBXBuildFile; fileRef = 53A3760B1A7CD8E40043B85F /* DLStarRatingControl.m */; settings = {COMPILER_FLAGS = "-fno-objc-arc"; }; };
		53A376181A7CD8E40043B85F /* DLStarView.m in Sources */ = {isa = PBXBuildFile; fileRef = 53A3760D1A7CD8E40043B85F /* DLStarView.m */; settings = {COMPILER_FLAGS = "-fno-objc-arc"; }; };
		53A376191A7CD8E40043B85F /* star.png in Resources */ = {isa = PBXBuildFile; fileRef = 53A3760F1A7CD8E40043B85F /* star.png */; };
		53A3761A1A7CD8E40043B85F /* star@2x.png in Resources */ = {isa = PBXBuildFile; fileRef = 53A376101A7CD8E40043B85F /* star@2x.png */; };
		53A3761B1A7CD8E40043B85F /* star_highlighted-darker.png in Resources */ = {isa = PBXBuildFile; fileRef = 53A376111A7CD8E40043B85F /* star_highlighted-darker.png */; };
		53A3761C1A7CD8E40043B85F /* star_highlighted-darker@2x.png in Resources */ = {isa = PBXBuildFile; fileRef = 53A376121A7CD8E40043B85F /* star_highlighted-darker@2x.png */; };
		53A3761D1A7CD8E40043B85F /* star_highlighted.png in Resources */ = {isa = PBXBuildFile; fileRef = 53A376131A7CD8E40043B85F /* star_highlighted.png */; };
		53A3761E1A7CD8E40043B85F /* star_highlighted@2x.png in Resources */ = {isa = PBXBuildFile; fileRef = 53A376141A7CD8E40043B85F /* star_highlighted@2x.png */; };
		53A3761F1A7CD8E40043B85F /* UIView+Subviews.m in Sources */ = {isa = PBXBuildFile; fileRef = 53A376161A7CD8E40043B85F /* UIView+Subviews.m */; };
		53A376261A7CD9BA0043B85F /* MBProgressHUD.m in Sources */ = {isa = PBXBuildFile; fileRef = 53A376221A7CD9BA0043B85F /* MBProgressHUD.m */; };
		53A376271A7CD9BA0043B85F /* 37x-Checkmark.png in Resources */ = {isa = PBXBuildFile; fileRef = 53A376241A7CD9BA0043B85F /* 37x-Checkmark.png */; };
		53A376281A7CD9BA0043B85F /* 37x-Checkmark@2x.png in Resources */ = {isa = PBXBuildFile; fileRef = 53A376251A7CD9BA0043B85F /* 37x-Checkmark@2x.png */; };
		53B298E71A7DE9D600534084 /* STADatePickerViewController.m in Sources */ = {isa = PBXBuildFile; fileRef = 53B298E61A7DE9D600534084 /* STADatePickerViewController.m */; };
		B60DD6D61A7D1D0E00107291 /* STABannerTableViewCell.m in Sources */ = {isa = PBXBuildFile; fileRef = B60DD6CF1A7D1D0E00107291 /* STABannerTableViewCell.m */; };
		B60DD6D71A7D1D0E00107291 /* STAAddressTableViewCell.m in Sources */ = {isa = PBXBuildFile; fileRef = B60DD6D11A7D1D0E00107291 /* STAAddressTableViewCell.m */; };
		B60DD6D81A7D1D0E00107291 /* STADistanceTableViewCell.m in Sources */ = {isa = PBXBuildFile; fileRef = B60DD6D31A7D1D0E00107291 /* STADistanceTableViewCell.m */; };
		B60DD6D91A7D1D0E00107291 /* STARoomsDetailsTableViewCell.m in Sources */ = {isa = PBXBuildFile; fileRef = B60DD6D51A7D1D0E00107291 /* STARoomsDetailsTableViewCell.m */; };
		B60DD6DF1A7D1D3A00107291 /* ViewController.m in Sources */ = {isa = PBXBuildFile; fileRef = B60DD6DC1A7D1D3A00107291 /* ViewController.m */; };
		B60DD6E01A7D1D3A00107291 /* STARoomDetailsViewController.m in Sources */ = {isa = PBXBuildFile; fileRef = B60DD6DE1A7D1D3A00107291 /* STARoomDetailsViewController.m */; };
		B60DD6E31A7D1D8200107291 /* STAHotelDetailsViewController.m in Sources */ = {isa = PBXBuildFile; fileRef = B60DD6E21A7D1D8200107291 /* STAHotelDetailsViewController.m */; };
/* End PBXBuildFile section */

/* Begin PBXContainerItemProxy section */
		53A375A71A7CD1DF0043B85F /* PBXContainerItemProxy */ = {
			isa = PBXContainerItemProxy;
			containerPortal = 53A375851A7CD1DE0043B85F /* Project object */;
			proxyType = 1;
			remoteGlobalIDString = 53A3758C1A7CD1DE0043B85F;
			remoteInfo = "HotelsPro-iOS";
		};
/* End PBXContainerItemProxy section */

/* Begin PBXFileReference section */
		4A6C95841A7DA02900C29A56 /* STAConstants.h */ = {isa = PBXFileReference; fileEncoding = 4; lastKnownFileType = sourcecode.c.h; path = STAConstants.h; sourceTree = "<group>"; };
		4A6C95851A7DA03700C29A56 /* CoreLocation.framework */ = {isa = PBXFileReference; lastKnownFileType = wrapper.framework; name = CoreLocation.framework; path = System/Library/Frameworks/CoreLocation.framework; sourceTree = SDKROOT; };
		4A6C95871A7DB36D00C29A56 /* HACollectionViewLargeLayout.h */ = {isa = PBXFileReference; fileEncoding = 4; lastKnownFileType = sourcecode.c.h; path = HACollectionViewLargeLayout.h; sourceTree = "<group>"; };
		4A6C95881A7DB36D00C29A56 /* HACollectionViewLargeLayout.m */ = {isa = PBXFileReference; fileEncoding = 4; lastKnownFileType = sourcecode.c.objc; path = HACollectionViewLargeLayout.m; sourceTree = "<group>"; };
		4A6C95891A7DB36D00C29A56 /* HACollectionViewSmallLayout.h */ = {isa = PBXFileReference; fileEncoding = 4; lastKnownFileType = sourcecode.c.h; path = HACollectionViewSmallLayout.h; sourceTree = "<group>"; };
		4A6C958A1A7DB36D00C29A56 /* HACollectionViewSmallLayout.m */ = {isa = PBXFileReference; fileEncoding = 4; lastKnownFileType = sourcecode.c.objc; path = HACollectionViewSmallLayout.m; sourceTree = "<group>"; };
		4A6C958B1A7DB36D00C29A56 /* HAPaperCollectionViewController.h */ = {isa = PBXFileReference; fileEncoding = 4; lastKnownFileType = sourcecode.c.h; path = HAPaperCollectionViewController.h; sourceTree = "<group>"; };
		4A6C958C1A7DB36D00C29A56 /* HAPaperCollectionViewController.m */ = {isa = PBXFileReference; fileEncoding = 4; lastKnownFileType = sourcecode.c.objc; path = HAPaperCollectionViewController.m; sourceTree = "<group>"; };
		4A6C958D1A7DB36D00C29A56 /* HASmallCollectionViewController.h */ = {isa = PBXFileReference; fileEncoding = 4; lastKnownFileType = sourcecode.c.h; path = HASmallCollectionViewController.h; sourceTree = "<group>"; };
		4A6C958E1A7DB36D00C29A56 /* HASmallCollectionViewController.m */ = {isa = PBXFileReference; fileEncoding = 4; lastKnownFileType = sourcecode.c.objc; path = HASmallCollectionViewController.m; sourceTree = "<group>"; };
		4A6C958F1A7DB36D00C29A56 /* HATransitionController.h */ = {isa = PBXFileReference; fileEncoding = 4; lastKnownFileType = sourcecode.c.h; path = HATransitionController.h; sourceTree = "<group>"; };
		4A6C95901A7DB36D00C29A56 /* HATransitionController.m */ = {isa = PBXFileReference; fileEncoding = 4; lastKnownFileType = sourcecode.c.objc; path = HATransitionController.m; sourceTree = "<group>"; };
		4A6C95911A7DB36D00C29A56 /* HATransitionLayout.h */ = {isa = PBXFileReference; fileEncoding = 4; lastKnownFileType = sourcecode.c.h; path = HATransitionLayout.h; sourceTree = "<group>"; };
		4A6C95921A7DB36D00C29A56 /* HATransitionLayout.m */ = {isa = PBXFileReference; fileEncoding = 4; lastKnownFileType = sourcecode.c.objc; path = HATransitionLayout.m; sourceTree = "<group>"; };
		5357161B1A7D73F900FF2151 /* STAServices.framework */ = {isa = PBXFileReference; lastKnownFileType = wrapper.framework; path = STAServices.framework; sourceTree = "<group>"; };
		5357161C1A7D73F900FF2151 /* STAUtil.framework */ = {isa = PBXFileReference; lastKnownFileType = wrapper.framework; path = STAUtil.framework; sourceTree = "<group>"; };
		5357161F1A7D74D800FF2151 /* SystemConfiguration.framework */ = {isa = PBXFileReference; lastKnownFileType = wrapper.framework; name = SystemConfiguration.framework; path = System/Library/Frameworks/SystemConfiguration.framework; sourceTree = SDKROOT; };
		53A3758D1A7CD1DE0043B85F /* HotelsPro-iOS.app */ = {isa = PBXFileReference; explicitFileType = wrapper.application; includeInIndex = 0; path = "HotelsPro-iOS.app"; sourceTree = BUILT_PRODUCTS_DIR; };
		53A375911A7CD1DE0043B85F /* Info.plist */ = {isa = PBXFileReference; lastKnownFileType = text.plist.xml; path = Info.plist; sourceTree = "<group>"; };
		53A375921A7CD1DE0043B85F /* main.m */ = {isa = PBXFileReference; lastKnownFileType = sourcecode.c.objc; path = main.m; sourceTree = "<group>"; };
		53A3759B1A7CD1DE0043B85F /* Base */ = {isa = PBXFileReference; lastKnownFileType = file.storyboard; name = Base; path = Base.lproj/Main.storyboard; sourceTree = "<group>"; };
		53A3759D1A7CD1DE0043B85F /* Images.xcassets */ = {isa = PBXFileReference; lastKnownFileType = folder.assetcatalog; path = Images.xcassets; sourceTree = "<group>"; };
		53A375A01A7CD1DE0043B85F /* Base */ = {isa = PBXFileReference; lastKnownFileType = file.xib; name = Base; path = Base.lproj/LaunchScreen.xib; sourceTree = "<group>"; };
		53A375A61A7CD1DF0043B85F /* HotelsPro-iOSTests.xctest */ = {isa = PBXFileReference; explicitFileType = wrapper.cfbundle; includeInIndex = 0; path = "HotelsPro-iOSTests.xctest"; sourceTree = BUILT_PRODUCTS_DIR; };
		53A375AB1A7CD1DF0043B85F /* Info.plist */ = {isa = PBXFileReference; lastKnownFileType = text.plist.xml; path = Info.plist; sourceTree = "<group>"; };
		53A375AC1A7CD1DF0043B85F /* HotelsPro_iOSTests.m */ = {isa = PBXFileReference; lastKnownFileType = sourcecode.c.objc; path = HotelsPro_iOSTests.m; sourceTree = "<group>"; };
		53A375B81A7CD4020043B85F /* AppDelegate.h */ = {isa = PBXFileReference; fileEncoding = 4; lastKnownFileType = sourcecode.c.h; path = AppDelegate.h; sourceTree = "<group>"; };
		53A375B91A7CD4020043B85F /* AppDelegate.m */ = {isa = PBXFileReference; fileEncoding = 4; lastKnownFileType = sourcecode.c.objc; path = AppDelegate.m; sourceTree = "<group>"; };
		53A375C21A7CD61A0043B85F /* SHPBaseViewController.h */ = {isa = PBXFileReference; fileEncoding = 4; lastKnownFileType = sourcecode.c.h; path = SHPBaseViewController.h; sourceTree = "<group>"; };
		53A375C31A7CD61A0043B85F /* SHPBaseViewController.m */ = {isa = PBXFileReference; fileEncoding = 4; lastKnownFileType = sourcecode.c.objc; path = SHPBaseViewController.m; sourceTree = "<group>"; };
		53A376061A7CD73F0043B85F /* STAHomeViewController.h */ = {isa = PBXFileReference; fileEncoding = 4; lastKnownFileType = sourcecode.c.h; path = STAHomeViewController.h; sourceTree = "<group>"; };
		53A376071A7CD73F0043B85F /* STAHomeViewController.m */ = {isa = PBXFileReference; fileEncoding = 4; lastKnownFileType = sourcecode.c.objc; path = STAHomeViewController.m; sourceTree = "<group>"; };
		53A3760A1A7CD8E40043B85F /* DLStarRatingControl.h */ = {isa = PBXFileReference; fileEncoding = 4; lastKnownFileType = sourcecode.c.h; path = DLStarRatingControl.h; sourceTree = "<group>"; };
		53A3760B1A7CD8E40043B85F /* DLStarRatingControl.m */ = {isa = PBXFileReference; fileEncoding = 4; lastKnownFileType = sourcecode.c.objc; path = DLStarRatingControl.m; sourceTree = "<group>"; };
		53A3760C1A7CD8E40043B85F /* DLStarView.h */ = {isa = PBXFileReference; fileEncoding = 4; lastKnownFileType = sourcecode.c.h; path = DLStarView.h; sourceTree = "<group>"; };
		53A3760D1A7CD8E40043B85F /* DLStarView.m */ = {isa = PBXFileReference; fileEncoding = 4; lastKnownFileType = sourcecode.c.objc; path = DLStarView.m; sourceTree = "<group>"; };
		53A3760F1A7CD8E40043B85F /* star.png */ = {isa = PBXFileReference; lastKnownFileType = image.png; path = star.png; sourceTree = "<group>"; };
		53A376101A7CD8E40043B85F /* star@2x.png */ = {isa = PBXFileReference; lastKnownFileType = image.png; path = "star@2x.png"; sourceTree = "<group>"; };
		53A376111A7CD8E40043B85F /* star_highlighted-darker.png */ = {isa = PBXFileReference; lastKnownFileType = image.png; path = "star_highlighted-darker.png"; sourceTree = "<group>"; };
		53A376121A7CD8E40043B85F /* star_highlighted-darker@2x.png */ = {isa = PBXFileReference; lastKnownFileType = image.png; path = "star_highlighted-darker@2x.png"; sourceTree = "<group>"; };
		53A376131A7CD8E40043B85F /* star_highlighted.png */ = {isa = PBXFileReference; lastKnownFileType = image.png; path = star_highlighted.png; sourceTree = "<group>"; };
		53A376141A7CD8E40043B85F /* star_highlighted@2x.png */ = {isa = PBXFileReference; lastKnownFileType = image.png; path = "star_highlighted@2x.png"; sourceTree = "<group>"; };
		53A376151A7CD8E40043B85F /* UIView+Subviews.h */ = {isa = PBXFileReference; fileEncoding = 4; lastKnownFileType = sourcecode.c.h; path = "UIView+Subviews.h"; sourceTree = "<group>"; };
		53A376161A7CD8E40043B85F /* UIView+Subviews.m */ = {isa = PBXFileReference; fileEncoding = 4; lastKnownFileType = sourcecode.c.objc; path = "UIView+Subviews.m"; sourceTree = "<group>"; };
		53A376211A7CD9BA0043B85F /* MBProgressHUD.h */ = {isa = PBXFileReference; fileEncoding = 4; lastKnownFileType = sourcecode.c.h; path = MBProgressHUD.h; sourceTree = "<group>"; };
		53A376221A7CD9BA0043B85F /* MBProgressHUD.m */ = {isa = PBXFileReference; fileEncoding = 4; lastKnownFileType = sourcecode.c.objc; path = MBProgressHUD.m; sourceTree = "<group>"; };
		53A376241A7CD9BA0043B85F /* 37x-Checkmark.png */ = {isa = PBXFileReference; lastKnownFileType = image.png; path = "37x-Checkmark.png"; sourceTree = "<group>"; };
		53A376251A7CD9BA0043B85F /* 37x-Checkmark@2x.png */ = {isa = PBXFileReference; lastKnownFileType = image.png; path = "37x-Checkmark@2x.png"; sourceTree = "<group>"; };
		53B298E51A7DE9D600534084 /* STADatePickerViewController.h */ = {isa = PBXFileReference; fileEncoding = 4; lastKnownFileType = sourcecode.c.h; path = STADatePickerViewController.h; sourceTree = "<group>"; };
		53B298E61A7DE9D600534084 /* STADatePickerViewController.m */ = {isa = PBXFileReference; fileEncoding = 4; lastKnownFileType = sourcecode.c.objc; path = STADatePickerViewController.m; sourceTree = "<group>"; };
		B60DD6CE1A7D1D0E00107291 /* STABannerTableViewCell.h */ = {isa = PBXFileReference; fileEncoding = 4; lastKnownFileType = sourcecode.c.h; path = STABannerTableViewCell.h; sourceTree = "<group>"; };
		B60DD6CF1A7D1D0E00107291 /* STABannerTableViewCell.m */ = {isa = PBXFileReference; fileEncoding = 4; lastKnownFileType = sourcecode.c.objc; path = STABannerTableViewCell.m; sourceTree = "<group>"; };
		B60DD6D01A7D1D0E00107291 /* STAAddressTableViewCell.h */ = {isa = PBXFileReference; fileEncoding = 4; lastKnownFileType = sourcecode.c.h; path = STAAddressTableViewCell.h; sourceTree = "<group>"; };
		B60DD6D11A7D1D0E00107291 /* STAAddressTableViewCell.m */ = {isa = PBXFileReference; fileEncoding = 4; lastKnownFileType = sourcecode.c.objc; path = STAAddressTableViewCell.m; sourceTree = "<group>"; };
		B60DD6D21A7D1D0E00107291 /* STADistanceTableViewCell.h */ = {isa = PBXFileReference; fileEncoding = 4; lastKnownFileType = sourcecode.c.h; path = STADistanceTableViewCell.h; sourceTree = "<group>"; };
		B60DD6D31A7D1D0E00107291 /* STADistanceTableViewCell.m */ = {isa = PBXFileReference; fileEncoding = 4; lastKnownFileType = sourcecode.c.objc; path = STADistanceTableViewCell.m; sourceTree = "<group>"; };
		B60DD6D41A7D1D0E00107291 /* STARoomsDetailsTableViewCell.h */ = {isa = PBXFileReference; fileEncoding = 4; lastKnownFileType = sourcecode.c.h; path = STARoomsDetailsTableViewCell.h; sourceTree = "<group>"; };
		B60DD6D51A7D1D0E00107291 /* STARoomsDetailsTableViewCell.m */ = {isa = PBXFileReference; fileEncoding = 4; lastKnownFileType = sourcecode.c.objc; path = STARoomsDetailsTableViewCell.m; sourceTree = "<group>"; };
		B60DD6DB1A7D1D3A00107291 /* ViewController.h */ = {isa = PBXFileReference; fileEncoding = 4; lastKnownFileType = sourcecode.c.h; path = ViewController.h; sourceTree = "<group>"; };
		B60DD6DC1A7D1D3A00107291 /* ViewController.m */ = {isa = PBXFileReference; fileEncoding = 4; lastKnownFileType = sourcecode.c.objc; path = ViewController.m; sourceTree = "<group>"; };
		B60DD6DD1A7D1D3A00107291 /* STARoomDetailsViewController.h */ = {isa = PBXFileReference; fileEncoding = 4; lastKnownFileType = sourcecode.c.h; path = STARoomDetailsViewController.h; sourceTree = "<group>"; };
		B60DD6DE1A7D1D3A00107291 /* STARoomDetailsViewController.m */ = {isa = PBXFileReference; fileEncoding = 4; lastKnownFileType = sourcecode.c.objc; path = STARoomDetailsViewController.m; sourceTree = "<group>"; };
		B60DD6E11A7D1D8200107291 /* STAHotelDetailsViewController.h */ = {isa = PBXFileReference; fileEncoding = 4; lastKnownFileType = sourcecode.c.h; path = STAHotelDetailsViewController.h; sourceTree = "<group>"; };
		B60DD6E21A7D1D8200107291 /* STAHotelDetailsViewController.m */ = {isa = PBXFileReference; fileEncoding = 4; lastKnownFileType = sourcecode.c.objc; path = STAHotelDetailsViewController.m; sourceTree = "<group>"; };
/* End PBXFileReference section */

/* Begin PBXFrameworksBuildPhase section */
		53A3758A1A7CD1DE0043B85F /* Frameworks */ = {
			isa = PBXFrameworksBuildPhase;
			buildActionMask = 2147483647;
			files = (
				4A6C95861A7DA03700C29A56 /* CoreLocation.framework in Frameworks */,
				535716201A7D74D800FF2151 /* SystemConfiguration.framework in Frameworks */,
				5357161D1A7D73F900FF2151 /* STAServices.framework in Frameworks */,
				5357161E1A7D73F900FF2151 /* STAUtil.framework in Frameworks */,
			);
			runOnlyForDeploymentPostprocessing = 0;
		};
		53A375A31A7CD1DF0043B85F /* Frameworks */ = {
			isa = PBXFrameworksBuildPhase;
			buildActionMask = 2147483647;
			files = (
			);
			runOnlyForDeploymentPostprocessing = 0;
		};
/* End PBXFrameworksBuildPhase section */

/* Begin PBXGroup section */
		4AC717761A7DEB330018CAC5 /* View */ = {
			isa = PBXGroup;
			children = (
			);
			name = View;
			sourceTree = "<group>";
		};
		53956CDC1A7D6A3A00B6B389 /* Frameworks */ = {
			isa = PBXGroup;
			children = (
				4A6C95851A7DA03700C29A56 /* CoreLocation.framework */,
				5357161F1A7D74D800FF2151 /* SystemConfiguration.framework */,
				5357161B1A7D73F900FF2151 /* STAServices.framework */,
				5357161C1A7D73F900FF2151 /* STAUtil.framework */,
			);
			path = Frameworks;
			sourceTree = "<group>";
		};
		53A375841A7CD1DE0043B85F = {
			isa = PBXGroup;
			children = (
				53A3758F1A7CD1DE0043B85F /* HotelsPro-iOS */,
				53A375A91A7CD1DF0043B85F /* HotelsPro-iOSTests */,
				53A3758E1A7CD1DE0043B85F /* Products */,
			);
			sourceTree = "<group>";
		};
		53A3758E1A7CD1DE0043B85F /* Products */ = {
			isa = PBXGroup;
			children = (
				53A3758D1A7CD1DE0043B85F /* HotelsPro-iOS.app */,
				53A375A61A7CD1DF0043B85F /* HotelsPro-iOSTests.xctest */,
			);
			name = Products;
			sourceTree = "<group>";
		};
		53A3758F1A7CD1DE0043B85F /* HotelsPro-iOS */ = {
			isa = PBXGroup;
			children = (
				53956CDC1A7D6A3A00B6B389 /* Frameworks */,
				53A375C61A7CD6F40043B85F /* Librarys */,
				53A375C01A7CD42D0043B85F /* Resources */,
				53A375BF1A7CD4150043B85F /* UI */,
				53A375B61A7CD4010043B85F /* Classes */,
				53A375901A7CD1DE0043B85F /* Supporting Files */,
			);
			path = "HotelsPro-iOS";
			sourceTree = "<group>";
		};
		53A375901A7CD1DE0043B85F /* Supporting Files */ = {
			isa = PBXGroup;
			children = (
				53A375911A7CD1DE0043B85F /* Info.plist */,
				53A375921A7CD1DE0043B85F /* main.m */,
			);
			name = "Supporting Files";
			sourceTree = "<group>";
		};
		53A375A91A7CD1DF0043B85F /* HotelsPro-iOSTests */ = {
			isa = PBXGroup;
			children = (
				53A375AC1A7CD1DF0043B85F /* HotelsPro_iOSTests.m */,
				53A375AA1A7CD1DF0043B85F /* Supporting Files */,
			);
			path = "HotelsPro-iOSTests";
			sourceTree = "<group>";
		};
		53A375AA1A7CD1DF0043B85F /* Supporting Files */ = {
			isa = PBXGroup;
			children = (
				53A375AB1A7CD1DF0043B85F /* Info.plist */,
			);
			name = "Supporting Files";
			sourceTree = "<group>";
		};
		53A375B61A7CD4010043B85F /* Classes */ = {
			isa = PBXGroup;
			children = (
				4AC717761A7DEB330018CAC5 /* View */,
				4A6C95841A7DA02900C29A56 /* STAConstants.h */,
				B60DD6DA1A7D1D1500107291 /* Cells */,
				53A375B71A7CD4020043B85F /* ApplicationHandlers */,
				53A375BA1A7CD4020043B85F /* ViewControllers */,
			);
			path = Classes;
			sourceTree = "<group>";
		};
		53A375B71A7CD4020043B85F /* ApplicationHandlers */ = {
			isa = PBXGroup;
			children = (
				53A375B81A7CD4020043B85F /* AppDelegate.h */,
				53A375B91A7CD4020043B85F /* AppDelegate.m */,
			);
			path = ApplicationHandlers;
			sourceTree = "<group>";
		};
		53A375BA1A7CD4020043B85F /* ViewControllers */ = {
			isa = PBXGroup;
			children = (
				53A375C11A7CD61A0043B85F /* Common */,
				53A375C41A7CD61A0043B85F /* iPhone */,
			);
			path = ViewControllers;
			sourceTree = "<group>";
		};
		53A375BF1A7CD4150043B85F /* UI */ = {
			isa = PBXGroup;
			children = (
				53A3759A1A7CD1DE0043B85F /* Main.storyboard */,
				53A3759F1A7CD1DE0043B85F /* LaunchScreen.xib */,
			);
			name = UI;
			sourceTree = "<group>";
		};
		53A375C01A7CD42D0043B85F /* Resources */ = {
			isa = PBXGroup;
			children = (
				53A3759D1A7CD1DE0043B85F /* Images.xcassets */,
			);
			name = Resources;
			sourceTree = "<group>";
		};
		53A375C11A7CD61A0043B85F /* Common */ = {
			isa = PBXGroup;
			children = (
				53A375C21A7CD61A0043B85F /* SHPBaseViewController.h */,
				53A375C31A7CD61A0043B85F /* SHPBaseViewController.m */,
			);
			path = Common;
			sourceTree = "<group>";
		};
		53A375C41A7CD61A0043B85F /* iPhone */ = {
			isa = PBXGroup;
			children = (
				53B298E41A7DD96A00534084 /* FlowLayout */,
				4A6C958B1A7DB36D00C29A56 /* HAPaperCollectionViewController.h */,
				4A6C958C1A7DB36D00C29A56 /* HAPaperCollectionViewController.m */,
				4A6C958D1A7DB36D00C29A56 /* HASmallCollectionViewController.h */,
				4A6C958E1A7DB36D00C29A56 /* HASmallCollectionViewController.m */,
				4A6C958F1A7DB36D00C29A56 /* HATransitionController.h */,
				4A6C95901A7DB36D00C29A56 /* HATransitionController.m */,
				53A376061A7CD73F0043B85F /* STAHomeViewController.h */,
				53A376071A7CD73F0043B85F /* STAHomeViewController.m */,
				B60DD6DB1A7D1D3A00107291 /* ViewController.h */,
				B60DD6DC1A7D1D3A00107291 /* ViewController.m */,
				B60DD6DD1A7D1D3A00107291 /* STARoomDetailsViewController.h */,
				B60DD6DE1A7D1D3A00107291 /* STARoomDetailsViewController.m */,
				B60DD6E11A7D1D8200107291 /* STAHotelDetailsViewController.h */,
				B60DD6E21A7D1D8200107291 /* STAHotelDetailsViewController.m */,
				53B298E51A7DE9D600534084 /* STADatePickerViewController.h */,
				53B298E61A7DE9D600534084 /* STADatePickerViewController.m */,
			);
			path = iPhone;
			sourceTree = "<group>";
		};
		53A375C61A7CD6F40043B85F /* Librarys */ = {
			isa = PBXGroup;
			children = (
				53A376201A7CD9BA0043B85F /* MBProgressHUD */,
				53A376091A7CD8E40043B85F /* DLStarRating */,
			);
			name = Librarys;
			path = Classes/Librarys;
			sourceTree = "<group>";
		};
		53A376091A7CD8E40043B85F /* DLStarRating */ = {
			isa = PBXGroup;
			children = (
				53A3760A1A7CD8E40043B85F /* DLStarRatingControl.h */,
				53A3760B1A7CD8E40043B85F /* DLStarRatingControl.m */,
				53A3760C1A7CD8E40043B85F /* DLStarView.h */,
				53A3760D1A7CD8E40043B85F /* DLStarView.m */,
				53A3760E1A7CD8E40043B85F /* images */,
				53A376151A7CD8E40043B85F /* UIView+Subviews.h */,
				53A376161A7CD8E40043B85F /* UIView+Subviews.m */,
			);
			path = DLStarRating;
			sourceTree = "<group>";
		};
		53A3760E1A7CD8E40043B85F /* images */ = {
			isa = PBXGroup;
			children = (
				53A3760F1A7CD8E40043B85F /* star.png */,
				53A376101A7CD8E40043B85F /* star@2x.png */,
				53A376111A7CD8E40043B85F /* star_highlighted-darker.png */,
				53A376121A7CD8E40043B85F /* star_highlighted-darker@2x.png */,
				53A376131A7CD8E40043B85F /* star_highlighted.png */,
				53A376141A7CD8E40043B85F /* star_highlighted@2x.png */,
			);
			path = images;
			sourceTree = "<group>";
		};
		53A376201A7CD9BA0043B85F /* MBProgressHUD */ = {
			isa = PBXGroup;
			children = (
				53A376211A7CD9BA0043B85F /* MBProgressHUD.h */,
				53A376221A7CD9BA0043B85F /* MBProgressHUD.m */,
				53A376231A7CD9BA0043B85F /* Resources */,
			);
			path = MBProgressHUD;
			sourceTree = "<group>";
		};
		53A376231A7CD9BA0043B85F /* Resources */ = {
			isa = PBXGroup;
			children = (
				53A376241A7CD9BA0043B85F /* 37x-Checkmark.png */,
				53A376251A7CD9BA0043B85F /* 37x-Checkmark@2x.png */,
			);
			path = Resources;
			sourceTree = "<group>";
		};
		53B298E41A7DD96A00534084 /* FlowLayout */ = {
			isa = PBXGroup;
			children = (
				4A6C95911A7DB36D00C29A56 /* HATransitionLayout.h */,
				4A6C95921A7DB36D00C29A56 /* HATransitionLayout.m */,
				4A6C95871A7DB36D00C29A56 /* HACollectionViewLargeLayout.h */,
				4A6C95881A7DB36D00C29A56 /* HACollectionViewLargeLayout.m */,
				4A6C95891A7DB36D00C29A56 /* HACollectionViewSmallLayout.h */,
				4A6C958A1A7DB36D00C29A56 /* HACollectionViewSmallLayout.m */,
			);
			name = FlowLayout;
			sourceTree = "<group>";
		};
		B60DD6DA1A7D1D1500107291 /* Cells */ = {
			isa = PBXGroup;
			children = (
				B60DD6CE1A7D1D0E00107291 /* STABannerTableViewCell.h */,
				B60DD6CF1A7D1D0E00107291 /* STABannerTableViewCell.m */,
				B60DD6D01A7D1D0E00107291 /* STAAddressTableViewCell.h */,
				B60DD6D11A7D1D0E00107291 /* STAAddressTableViewCell.m */,
				B60DD6D21A7D1D0E00107291 /* STADistanceTableViewCell.h */,
				B60DD6D31A7D1D0E00107291 /* STADistanceTableViewCell.m */,
				B60DD6D41A7D1D0E00107291 /* STARoomsDetailsTableViewCell.h */,
				B60DD6D51A7D1D0E00107291 /* STARoomsDetailsTableViewCell.m */,
			);
			name = Cells;
			sourceTree = "<group>";
		};
/* End PBXGroup section */

/* Begin PBXNativeTarget section */
		53A3758C1A7CD1DE0043B85F /* HotelsPro-iOS */ = {
			isa = PBXNativeTarget;
			buildConfigurationList = 53A375B01A7CD1DF0043B85F /* Build configuration list for PBXNativeTarget "HotelsPro-iOS" */;
			buildPhases = (
				53A375891A7CD1DE0043B85F /* Sources */,
				53A3758A1A7CD1DE0043B85F /* Frameworks */,
				53A3758B1A7CD1DE0043B85F /* Resources */,
			);
			buildRules = (
			);
			dependencies = (
			);
			name = "HotelsPro-iOS";
			productName = "HotelsPro-iOS";
			productReference = 53A3758D1A7CD1DE0043B85F /* HotelsPro-iOS.app */;
			productType = "com.apple.product-type.application";
		};
		53A375A51A7CD1DF0043B85F /* HotelsPro-iOSTests */ = {
			isa = PBXNativeTarget;
			buildConfigurationList = 53A375B31A7CD1DF0043B85F /* Build configuration list for PBXNativeTarget "HotelsPro-iOSTests" */;
			buildPhases = (
				53A375A21A7CD1DF0043B85F /* Sources */,
				53A375A31A7CD1DF0043B85F /* Frameworks */,
				53A375A41A7CD1DF0043B85F /* Resources */,
			);
			buildRules = (
			);
			dependencies = (
				53A375A81A7CD1DF0043B85F /* PBXTargetDependency */,
			);
			name = "HotelsPro-iOSTests";
			productName = "HotelsPro-iOSTests";
			productReference = 53A375A61A7CD1DF0043B85F /* HotelsPro-iOSTests.xctest */;
			productType = "com.apple.product-type.bundle.unit-test";
		};
/* End PBXNativeTarget section */

/* Begin PBXProject section */
		53A375851A7CD1DE0043B85F /* Project object */ = {
			isa = PBXProject;
			attributes = {
				LastUpgradeCheck = 0610;
				TargetAttributes = {
					53A3758C1A7CD1DE0043B85F = {
						CreatedOnToolsVersion = 6.1.1;
					};
					53A375A51A7CD1DF0043B85F = {
						CreatedOnToolsVersion = 6.1.1;
						TestTargetID = 53A3758C1A7CD1DE0043B85F;
					};
				};
			};
			buildConfigurationList = 53A375881A7CD1DE0043B85F /* Build configuration list for PBXProject "HotelsPro-iOS" */;
			compatibilityVersion = "Xcode 3.2";
			developmentRegion = English;
			hasScannedForEncodings = 0;
			knownRegions = (
				en,
				Base,
			);
			mainGroup = 53A375841A7CD1DE0043B85F;
			productRefGroup = 53A3758E1A7CD1DE0043B85F /* Products */;
			projectDirPath = "";
			projectRoot = "";
			targets = (
				53A3758C1A7CD1DE0043B85F /* HotelsPro-iOS */,
				53A375A51A7CD1DF0043B85F /* HotelsPro-iOSTests */,
			);
		};
/* End PBXProject section */

/* Begin PBXResourcesBuildPhase section */
		53A3758B1A7CD1DE0043B85F /* Resources */ = {
			isa = PBXResourcesBuildPhase;
			buildActionMask = 2147483647;
			files = (
				53A3761E1A7CD8E40043B85F /* star_highlighted@2x.png in Resources */,
				53A3761A1A7CD8E40043B85F /* star@2x.png in Resources */,
				53A376281A7CD9BA0043B85F /* 37x-Checkmark@2x.png in Resources */,
				53A3759C1A7CD1DE0043B85F /* Main.storyboard in Resources */,
				53A376191A7CD8E40043B85F /* star.png in Resources */,
				53A376271A7CD9BA0043B85F /* 37x-Checkmark.png in Resources */,
				53A3761C1A7CD8E40043B85F /* star_highlighted-darker@2x.png in Resources */,
				53A3761B1A7CD8E40043B85F /* star_highlighted-darker.png in Resources */,
				53A375A11A7CD1DE0043B85F /* LaunchScreen.xib in Resources */,
				53A3761D1A7CD8E40043B85F /* star_highlighted.png in Resources */,
				53A3759E1A7CD1DE0043B85F /* Images.xcassets in Resources */,
			);
			runOnlyForDeploymentPostprocessing = 0;
		};
		53A375A41A7CD1DF0043B85F /* Resources */ = {
			isa = PBXResourcesBuildPhase;
			buildActionMask = 2147483647;
			files = (
			);
			runOnlyForDeploymentPostprocessing = 0;
		};
/* End PBXResourcesBuildPhase section */

/* Begin PBXSourcesBuildPhase section */
		53A375891A7CD1DE0043B85F /* Sources */ = {
			isa = PBXSourcesBuildPhase;
			buildActionMask = 2147483647;
			files = (
				B60DD6E31A7D1D8200107291 /* STAHotelDetailsViewController.m in Sources */,
				4A6C95941A7DB36D00C29A56 /* HACollectionViewLargeLayout.m in Sources */,
				4A6C95961A7DB36D00C29A56 /* HAPaperCollectionViewController.m in Sources */,
				53A3761F1A7CD8E40043B85F /* UIView+Subviews.m in Sources */,
				B60DD6D81A7D1D0E00107291 /* STADistanceTableViewCell.m in Sources */,
				53A375C51A7CD61A0043B85F /* SHPBaseViewController.m in Sources */,
				53A375BD1A7CD4020043B85F /* AppDelegate.m in Sources */,
				53A376081A7CD73F0043B85F /* STAHomeViewController.m in Sources */,
				B60DD6D61A7D1D0E00107291 /* STABannerTableViewCell.m in Sources */,
				53A376181A7CD8E40043B85F /* DLStarView.m in Sources */,
				4A6C95971A7DB36D00C29A56 /* HASmallCollectionViewController.m in Sources */,
				53B298E71A7DE9D600534084 /* STADatePickerViewController.m in Sources */,
				B60DD6D71A7D1D0E00107291 /* STAAddressTableViewCell.m in Sources */,
				53A375931A7CD1DE0043B85F /* main.m in Sources */,
				53A376171A7CD8E40043B85F /* DLStarRatingControl.m in Sources */,
				B60DD6D91A7D1D0E00107291 /* STARoomsDetailsTableViewCell.m in Sources */,
				4A6C95951A7DB36D00C29A56 /* HACollectionViewSmallLayout.m in Sources */,
				4A6C95991A7DB36D00C29A56 /* HATransitionLayout.m in Sources */,
				B60DD6E01A7D1D3A00107291 /* STARoomDetailsViewController.m in Sources */,
				53A376261A7CD9BA0043B85F /* MBProgressHUD.m in Sources */,
				B60DD6DF1A7D1D3A00107291 /* ViewController.m in Sources */,
				4A6C95981A7DB36D00C29A56 /* HATransitionController.m in Sources */,
			);
			runOnlyForDeploymentPostprocessing = 0;
		};
		53A375A21A7CD1DF0043B85F /* Sources */ = {
			isa = PBXSourcesBuildPhase;
			buildActionMask = 2147483647;
			files = (
				53A375AD1A7CD1DF0043B85F /* HotelsPro_iOSTests.m in Sources */,
			);
			runOnlyForDeploymentPostprocessing = 0;
		};
/* End PBXSourcesBuildPhase section */

/* Begin PBXTargetDependency section */
		53A375A81A7CD1DF0043B85F /* PBXTargetDependency */ = {
			isa = PBXTargetDependency;
			target = 53A3758C1A7CD1DE0043B85F /* HotelsPro-iOS */;
			targetProxy = 53A375A71A7CD1DF0043B85F /* PBXContainerItemProxy */;
		};
/* End PBXTargetDependency section */

/* Begin PBXVariantGroup section */
		53A3759A1A7CD1DE0043B85F /* Main.storyboard */ = {
			isa = PBXVariantGroup;
			children = (
				53A3759B1A7CD1DE0043B85F /* Base */,
			);
			name = Main.storyboard;
			sourceTree = "<group>";
		};
		53A3759F1A7CD1DE0043B85F /* LaunchScreen.xib */ = {
			isa = PBXVariantGroup;
			children = (
				53A375A01A7CD1DE0043B85F /* Base */,
			);
			name = LaunchScreen.xib;
			sourceTree = "<group>";
		};
/* End PBXVariantGroup section */

/* Begin XCBuildConfiguration section */
		53A375AE1A7CD1DF0043B85F /* Debug */ = {
			isa = XCBuildConfiguration;
			buildSettings = {
				ALWAYS_SEARCH_USER_PATHS = NO;
				CLANG_CXX_LANGUAGE_STANDARD = "gnu++0x";
				CLANG_CXX_LIBRARY = "libc++";
				CLANG_ENABLE_MODULES = YES;
				CLANG_ENABLE_OBJC_ARC = YES;
				CLANG_WARN_BOOL_CONVERSION = YES;
				CLANG_WARN_CONSTANT_CONVERSION = YES;
				CLANG_WARN_DIRECT_OBJC_ISA_USAGE = YES_ERROR;
				CLANG_WARN_EMPTY_BODY = YES;
				CLANG_WARN_ENUM_CONVERSION = YES;
				CLANG_WARN_INT_CONVERSION = YES;
				CLANG_WARN_OBJC_ROOT_CLASS = YES_ERROR;
				CLANG_WARN_UNREACHABLE_CODE = YES;
				CLANG_WARN__DUPLICATE_METHOD_MATCH = YES;
				"CODE_SIGN_IDENTITY[sdk=iphoneos*]" = "iPhone Developer";
				COPY_PHASE_STRIP = NO;
				ENABLE_STRICT_OBJC_MSGSEND = YES;
				GCC_C_LANGUAGE_STANDARD = gnu99;
				GCC_DYNAMIC_NO_PIC = NO;
				GCC_OPTIMIZATION_LEVEL = 0;
				GCC_PREPROCESSOR_DEFINITIONS = (
					"DEBUG=1",
					"$(inherited)",
				);
				GCC_SYMBOLS_PRIVATE_EXTERN = NO;
				GCC_WARN_64_TO_32_BIT_CONVERSION = YES;
				GCC_WARN_ABOUT_RETURN_TYPE = YES_ERROR;
				GCC_WARN_UNDECLARED_SELECTOR = YES;
				GCC_WARN_UNINITIALIZED_AUTOS = YES_AGGRESSIVE;
				GCC_WARN_UNUSED_FUNCTION = YES;
				GCC_WARN_UNUSED_VARIABLE = YES;
				IPHONEOS_DEPLOYMENT_TARGET = 8.1;
				MTL_ENABLE_DEBUG_INFO = YES;
				ONLY_ACTIVE_ARCH = YES;
				SDKROOT = iphoneos;
			};
			name = Debug;
		};
		53A375AF1A7CD1DF0043B85F /* Release */ = {
			isa = XCBuildConfiguration;
			buildSettings = {
				ALWAYS_SEARCH_USER_PATHS = NO;
				CLANG_CXX_LANGUAGE_STANDARD = "gnu++0x";
				CLANG_CXX_LIBRARY = "libc++";
				CLANG_ENABLE_MODULES = YES;
				CLANG_ENABLE_OBJC_ARC = YES;
				CLANG_WARN_BOOL_CONVERSION = YES;
				CLANG_WARN_CONSTANT_CONVERSION = YES;
				CLANG_WARN_DIRECT_OBJC_ISA_USAGE = YES_ERROR;
				CLANG_WARN_EMPTY_BODY = YES;
				CLANG_WARN_ENUM_CONVERSION = YES;
				CLANG_WARN_INT_CONVERSION = YES;
				CLANG_WARN_OBJC_ROOT_CLASS = YES_ERROR;
				CLANG_WARN_UNREACHABLE_CODE = YES;
				CLANG_WARN__DUPLICATE_METHOD_MATCH = YES;
				"CODE_SIGN_IDENTITY[sdk=iphoneos*]" = "iPhone Developer";
				COPY_PHASE_STRIP = YES;
				ENABLE_NS_ASSERTIONS = NO;
				ENABLE_STRICT_OBJC_MSGSEND = YES;
				GCC_C_LANGUAGE_STANDARD = gnu99;
				GCC_WARN_64_TO_32_BIT_CONVERSION = YES;
				GCC_WARN_ABOUT_RETURN_TYPE = YES_ERROR;
				GCC_WARN_UNDECLARED_SELECTOR = YES;
				GCC_WARN_UNINITIALIZED_AUTOS = YES_AGGRESSIVE;
				GCC_WARN_UNUSED_FUNCTION = YES;
				GCC_WARN_UNUSED_VARIABLE = YES;
				IPHONEOS_DEPLOYMENT_TARGET = 8.1;
				MTL_ENABLE_DEBUG_INFO = NO;
				SDKROOT = iphoneos;
				VALIDATE_PRODUCT = YES;
			};
			name = Release;
		};
		53A375B11A7CD1DF0043B85F /* Debug */ = {
			isa = XCBuildConfiguration;
			buildSettings = {
				ASSETCATALOG_COMPILER_APPICON_NAME = AppIcon;
				FRAMEWORK_SEARCH_PATHS = (
					"$(inherited)",
					"$(PROJECT_DIR)/HotelsPro-iOS/Frameworks",
				);
				INFOPLIST_FILE = "HotelsPro-iOS/Info.plist";
				IPHONEOS_DEPLOYMENT_TARGET = 7.0;
				LD_RUNPATH_SEARCH_PATHS = "$(inherited) @executable_path/Frameworks";
				OTHER_LDFLAGS = (
					"-all_load",
					"-ObjC",
				);
				PRODUCT_NAME = "$(TARGET_NAME)";
				VALID_ARCHS = "arm64 armv7 armv7s";
			};
			name = Debug;
		};
		53A375B21A7CD1DF0043B85F /* Release */ = {
			isa = XCBuildConfiguration;
			buildSettings = {
				ASSETCATALOG_COMPILER_APPICON_NAME = AppIcon;
				FRAMEWORK_SEARCH_PATHS = (
					"$(inherited)",
					"$(PROJECT_DIR)/HotelsPro-iOS/Frameworks",
				);
				INFOPLIST_FILE = "HotelsPro-iOS/Info.plist";
				IPHONEOS_DEPLOYMENT_TARGET = 7.0;
				LD_RUNPATH_SEARCH_PATHS = "$(inherited) @executable_path/Frameworks";
				OTHER_LDFLAGS = (
					"-all_load",
					"-ObjC",
				);
				PRODUCT_NAME = "$(TARGET_NAME)";
				VALID_ARCHS = "arm64 armv7 armv7s";
			};
			name = Release;
		};
		53A375B41A7CD1DF0043B85F /* Debug */ = {
			isa = XCBuildConfiguration;
			buildSettings = {
				BUNDLE_LOADER = "$(TEST_HOST)";
				FRAMEWORK_SEARCH_PATHS = (
					"$(SDKROOT)/Developer/Library/Frameworks",
					"$(inherited)",
				);
				GCC_PREPROCESSOR_DEFINITIONS = (
					"DEBUG=1",
					"$(inherited)",
				);
				INFOPLIST_FILE = "HotelsPro-iOSTests/Info.plist";
				LD_RUNPATH_SEARCH_PATHS = "$(inherited) @executable_path/Frameworks @loader_path/Frameworks";
				PRODUCT_NAME = "$(TARGET_NAME)";
				TEST_HOST = "$(BUILT_PRODUCTS_DIR)/HotelsPro-iOS.app/HotelsPro-iOS";
			};
			name = Debug;
		};
		53A375B51A7CD1DF0043B85F /* Release */ = {
			isa = XCBuildConfiguration;
			buildSettings = {
				BUNDLE_LOADER = "$(TEST_HOST)";
				FRAMEWORK_SEARCH_PATHS = (
					"$(SDKROOT)/Developer/Library/Frameworks",
					"$(inherited)",
				);
				INFOPLIST_FILE = "HotelsPro-iOSTests/Info.plist";
				LD_RUNPATH_SEARCH_PATHS = "$(inherited) @executable_path/Frameworks @loader_path/Frameworks";
				PRODUCT_NAME = "$(TARGET_NAME)";
				TEST_HOST = "$(BUILT_PRODUCTS_DIR)/HotelsPro-iOS.app/HotelsPro-iOS";
			};
			name = Release;
		};
/* End XCBuildConfiguration section */

/* Begin XCConfigurationList section */
		53A375881A7CD1DE0043B85F /* Build configuration list for PBXProject "HotelsPro-iOS" */ = {
			isa = XCConfigurationList;
			buildConfigurations = (
				53A375AE1A7CD1DF0043B85F /* Debug */,
				53A375AF1A7CD1DF0043B85F /* Release */,
			);
			defaultConfigurationIsVisible = 0;
			defaultConfigurationName = Release;
		};
		53A375B01A7CD1DF0043B85F /* Build configuration list for PBXNativeTarget "HotelsPro-iOS" */ = {
			isa = XCConfigurationList;
			buildConfigurations = (
				53A375B11A7CD1DF0043B85F /* Debug */,
				53A375B21A7CD1DF0043B85F /* Release */,
			);
			defaultConfigurationIsVisible = 0;
			defaultConfigurationName = Release;
		};
		53A375B31A7CD1DF0043B85F /* Build configuration list for PBXNativeTarget "HotelsPro-iOSTests" */ = {
			isa = XCConfigurationList;
			buildConfigurations = (
				53A375B41A7CD1DF0043B85F /* Debug */,
				53A375B51A7CD1DF0043B85F /* Release */,
			);
			defaultConfigurationIsVisible = 0;
			defaultConfigurationName = Release;
		};
/* End XCConfigurationList section */
	};
	rootObject = 53A375851A7CD1DE0043B85F /* Project object */;
}
